
Microsoft Visual Studio Solution File, Format Version 12.00
# Visual Studio Version 16
VisualStudioVersion = 16.0.31829.152
MinimumVisualStudioVersion = 10.0.40219.1
Project("{FAE04EC0-301F-11D3-BF4B-00C04F79EFBC}") = "PictureViewer", "PictureViewer\PictureViewer.csproj", "{DBAD8370-9B5F-4FA4-B241-738F274C5899}"
EndProject
Global
	GlobalSection(SolutionConfigurationPlatforms) = preSolution
		Debug|Any CPU = Debug|Any CPU
		Release|Any CPU = Release|Any CPU
	EndGlobalSection
	GlobalSection(ProjectConfigurationPlatforms) = postSolution
		{DBAD8370-9B5F-4FA4-B241-738F274C5899}.Debug|Any CPU.ActiveCfg = Debug|Any CPU
		{DBAD8370-9B5F-4FA4-B241-738F274C5899}.Debug|Any CPU.Build.0 = Debug|Any CPU
		{DBAD8370-9B5F-4FA4-B241-738F274C5899}.Release|Any CPU.ActiveCfg = Release|Any CPU
		{DBAD8370-9B5F-4FA4-B241-738F274C5899}.Release|Any CPU.Build.0 = Release|Any CPU
	EndGlobalSection
	GlobalSection(SolutionProperties) = preSolution
		HideSolutionNode = FALSE
	EndGlobalSection
	GlobalSection(ExtensibilityGlobals) = postSolution
		SolutionGuid = {576504E2-9CD1-447E-8E69-ECD5BE22761C}
	EndGlobalSection
EndGlobal
